// !$*UTF8*$!
{
	archiveVersion = 1;
	classes = {
	};
	objectVersion = 46;
	objects = {

/* Begin PBXFileReference section */
		067D28EA1AA386C900E02177 /* mmtk.css */ = {isa = PBXFileReference; lastKnownFileType = text.css; path = mmtk.css; sourceTree = "<group>"; };
		067D28EB1AA386C900E02177 /* mmtk.html */ = {isa = PBXFileReference; lastKnownFileType = text.html; path = mmtk.html; sourceTree = "<group>"; };
		067D28EC1AA386C900E02177 /* mmtk.js */ = {isa = PBXFileReference; lastKnownFileType = sourcecode.javascript; path = mmtk.js; sourceTree = "<group>"; };
/* End PBXFileReference section */

/* Begin PBXGroup section */
		0633DAF31AA385D6000DA8BF = {
			isa = PBXGroup;
			children = (
				067D28EA1AA386C900E02177 /* mmtk.css */,
				067D28EB1AA386C900E02177 /* mmtk.html */,
				067D28EC1AA386C900E02177 /* mmtk.js */,
			);
			sourceTree = "<group>";
		};
/* End PBXGroup section */

/* Begin PBXProject section */
		0633DAF41AA385D6000DA8BF /* Project object */ = {
			isa = PBXProject;
			attributes = {
				LastUpgradeCheck = 0610;
			};
			buildConfigurationList = 0633DAF71AA385D6000DA8BF /* Build configuration list for PBXProject "MMTK" */;
			compatibilityVersion = "Xcode 3.2";
			developmentRegion = English;
			hasScannedForEncodings = 0;
			knownRegions = (
				en,
			);
			mainGroup = 0633DAF31AA385D6000DA8BF;
			projectDirPath = "";
			projectRoot = "";
			targets = (
			);
		};
/* End PBXProject section */

/* Begin XCBuildConfiguration section */
		0633DAF81AA385D6000DA8BF /* Debug */ = {
			isa = XCBuildConfiguration;
			buildSettings = {
			};
			name = Debug;
		};
		0633DAF91AA385D6000DA8BF /* Release */ = {
			isa = XCBuildConfiguration;
			buildSettings = {
			};
			name = Release;
		};
/* End XCBuildConfiguration section */

/* Begin XCConfigurationList section */
		0633DAF71AA385D6000DA8BF /* Build configuration list for PBXProject "MMTK" */ = {
			isa = XCConfigurationList;
			buildConfigurations = (
				0633DAF81AA385D6000DA8BF /* Debug */,
				0633DAF91AA385D6000DA8BF /* Release */,
			);
			defaultConfigurationIsVisible = 0;
			defaultConfigurationName = Release;
		};
/* End XCConfigurationList section */
	};
	rootObject = 0633DAF41AA385D6000DA8BF /* Project object */;
}
